
Microsoft Visual Studio Solution File, Format Version 12.00
# Visual Studio Version 17
VisualStudioVersion = 17.1.32328.378
MinimumVisualStudioVersion = 10.0.40219.1
Project("{8BC9CEB8-8B4A-11D0-8D11-00A0C91BC942}") = "Q5", "Q5\Q5.vcxproj", "{18E20F6B-49C9-442F-98CD-D4A9230E0977}"
EndProject
Global
	GlobalSection(SolutionConfigurationPlatforms) = preSolution
		Debug|x64 = Debug|x64
		Debug|x86 = Debug|x86
		Release|x64 = Release|x64
		Release|x86 = Release|x86
	EndGlobalSection
	GlobalSection(ProjectConfigurationPlatforms) = postSolution
		{18E20F6B-49C9-442F-98CD-D4A9230E0977}.Debug|x64.ActiveCfg = Debug|x64
		{18E20F6B-49C9-442F-98CD-D4A9230E0977}.Debug|x64.Build.0 = Debug|x64
		{18E20F6B-49C9-442F-98CD-D4A9230E0977}.Debug|x86.ActiveCfg = Debug|Win32
		{18E20F6B-49C9-442F-98CD-D4A9230E0977}.Debug|x86.Build.0 = Debug|Win32
		{18E20F6B-49C9-442F-98CD-D4A9230E0977}.Release|x64.ActiveCfg = Release|x64
		{18E20F6B-49C9-442F-98CD-D4A9230E0977}.Release|x64.Build.0 = Release|x64
		{18E20F6B-49C9-442F-98CD-D4A9230E0977}.Release|x86.ActiveCfg = Release|Win32
		{18E20F6B-49C9-442F-98CD-D4A9230E0977}.Release|x86.Build.0 = Release|Win32
	EndGlobalSection
	GlobalSection(SolutionProperties) = preSolution
		HideSolutionNode = FALSE
	EndGlobalSection
	GlobalSection(ExtensibilityGlobals) = postSolution
		SolutionGuid = {5D956232-1F8C-4F32-BEEA-7EFF7D02A289}
	EndGlobalSection
EndGlobal
